PODS:
  - AFNetworking (3.2.1):
    - AFNetworking/NSURLSession (= 3.2.1)
    - AFNetworking/Reachability (= 3.2.1)
    - AFNetworking/Security (= 3.2.1)
    - AFNetworking/Serialization (= 3.2.1)
    - AFNetworking/UIKit (= 3.2.1)
  - AFNetworking/NSURLSession (3.2.1):
    - AFNetworking/Reachability
    - AFNetworking/Security
    - AFNetworking/Serialization
  - AFNetworking/Reachability (3.2.1)
  - AFNetworking/Security (3.2.1)
  - AFNetworking/Serialization (3.2.1)
  - AFNetworking/UIKit (3.2.1):
    - AFNetworking/NSURLSession
  - IQKeyboardManager (6.0.6)
  - Masonry (1.1.0)
  - SocketRocket (0.5.1)
  - TXLiteAVSDK_Professional (8.3.9884)
  - YYKit (1.0.9):
    - YYKit/no-arc (= 1.0.9)
  - YYKit/no-arc (1.0.9)

DEPENDENCIES:
  - AFNetworking
  - IQKeyboardManager (= 6.0.6)
  - Masonry
  - SocketRocket
  - TXLiteAVSDK_Professional (from `http://pod-1252463788.cosgz.myqcloud.com/liteavsdkspec/TXLiteAVSDK_Professional.podspec`)
  - YYKit

SPEC REPOS:
  trunk:
    - AFNetworking
    - IQKeyboardManager
    - Masonry
    - SocketRocket
    - YYKit

EXTERNAL SOURCES:
  TXLiteAVSDK_Professional:
    :podspec: http://pod-1252463788.cosgz.myqcloud.com/liteavsdkspec/TXLiteAVSDK_Professional.podspec

SPEC CHECKSUMS:
  AFNetworking: b6f891fdfaed196b46c7a83cf209e09697b94057
  IQKeyboardManager: 6b4ecd3e59cf55a26133d802d4678721d7f88499
  Masonry: 678fab65091a9290e40e2832a55e7ab731aad201
  SocketRocket: d57c7159b83c3c6655745cd15302aa24b6bae531
  TXLiteAVSDK_Professional: b30e3f46e709eba26d92b2dca5c2003fb47e6598
  YYKit: 7cda43304a8dc3696c449041e2cb3107b4e236e7

PODFILE CHECKSUM: d7753bb7ef74cb6f4ec13e415ab0476e0a257c30

COCOAPODS: 1.10.1
